
Microsoft Visual Studio Solution File, Format Version 12.00
# Visual Studio 15
VisualStudioVersion = 15.0.28307.168
MinimumVisualStudioVersion = 10.0.40219.1
Project("{2150E333-8FDC-42A3-9474-1A3956D46DE8}") = "Web", "Web", "{4095A2FA-97B8-42D5-8926-D7C74CC08AE1}"
EndProject
Project("{9A19103F-16F7-4668-BE54-9A1E7A4F7556}") = "VianorKyustendil.Web", "Web\VianorKyustendil.Web\VianorKyustendil.Web.csproj", "{3323C0FE-3D96-475F-9A3F-DFA5F7C310A2}"
EndProject
Project("{2150E333-8FDC-42A3-9474-1A3956D46DE8}") = "Data", "Data", "{6BF5A8DF-C317-4BDE-B59A-4543B46E216D}"
EndProject
Project("{FAE04EC0-301F-11D3-BF4B-00C04F79EFBC}") = "VianorKyustendil.Data", "Data\VianorKyustendil.Data\VianorKyustendil.Data.csproj", "{843D29DE-3613-4E1E-9726-A6AFFEF989C3}"
EndProject
Project("{FAE04EC0-301F-11D3-BF4B-00C04F79EFBC}") = "VianorKyustendil.Data.Models", "Data\VianorKyustendil.Data.Models\VianorKyustendil.Data.Models.csproj", "{3B7B32D3-A956-42E4-A19C-1EF0DFDCD964}"
EndProject
Global
	GlobalSection(SolutionConfigurationPlatforms) = preSolution
		Debug|Any CPU = Debug|Any CPU
		Release|Any CPU = Release|Any CPU
	EndGlobalSection
	GlobalSection(ProjectConfigurationPlatforms) = postSolution
		{3323C0FE-3D96-475F-9A3F-DFA5F7C310A2}.Debug|Any CPU.ActiveCfg = Debug|Any CPU
		{3323C0FE-3D96-475F-9A3F-DFA5F7C310A2}.Debug|Any CPU.Build.0 = Debug|Any CPU
		{3323C0FE-3D96-475F-9A3F-DFA5F7C310A2}.Release|Any CPU.ActiveCfg = Release|Any CPU
		{3323C0FE-3D96-475F-9A3F-DFA5F7C310A2}.Release|Any CPU.Build.0 = Release|Any CPU
		{843D29DE-3613-4E1E-9726-A6AFFEF989C3}.Debug|Any CPU.ActiveCfg = Debug|Any CPU
		{843D29DE-3613-4E1E-9726-A6AFFEF989C3}.Debug|Any CPU.Build.0 = Debug|Any CPU
		{843D29DE-3613-4E1E-9726-A6AFFEF989C3}.Release|Any CPU.ActiveCfg = Release|Any CPU
		{843D29DE-3613-4E1E-9726-A6AFFEF989C3}.Release|Any CPU.Build.0 = Release|Any CPU
		{3B7B32D3-A956-42E4-A19C-1EF0DFDCD964}.Debug|Any CPU.ActiveCfg = Debug|Any CPU
		{3B7B32D3-A956-42E4-A19C-1EF0DFDCD964}.Debug|Any CPU.Build.0 = Debug|Any CPU
		{3B7B32D3-A956-42E4-A19C-1EF0DFDCD964}.Release|Any CPU.ActiveCfg = Release|Any CPU
		{3B7B32D3-A956-42E4-A19C-1EF0DFDCD964}.Release|Any CPU.Build.0 = Release|Any CPU
	EndGlobalSection
	GlobalSection(SolutionProperties) = preSolution
		HideSolutionNode = FALSE
	EndGlobalSection
	GlobalSection(NestedProjects) = preSolution
		{3323C0FE-3D96-475F-9A3F-DFA5F7C310A2} = {4095A2FA-97B8-42D5-8926-D7C74CC08AE1}
		{843D29DE-3613-4E1E-9726-A6AFFEF989C3} = {6BF5A8DF-C317-4BDE-B59A-4543B46E216D}
		{3B7B32D3-A956-42E4-A19C-1EF0DFDCD964} = {6BF5A8DF-C317-4BDE-B59A-4543B46E216D}
	EndGlobalSection
	GlobalSection(ExtensibilityGlobals) = postSolution
		SolutionGuid = {F6CDE198-120E-4A5C-85A3-FB5FF5826417}
	EndGlobalSection
EndGlobal
